Microsoft Visual Studio Solution File, Format Version 12.00
# Visual Studio Version 17
VisualStudioVersion = 17.5.2.0
MinimumVisualStudioVersion = 10.0.40219.1
Project("{FAE04EC0-301F-11D3-BF4B-00C04F79EFBC}") = "api.crud-cliente", "api.crud-cliente.csproj", "{41810504-D3D5-F53E-4A3E-FB72C9696446}"
EndProject
Project("{FAE04EC0-301F-11D3-BF4B-00C04F79EFBC}") = "console.analise-credito", "..\console.analise-credito\console.analise-credito.csproj", "{E33E748F-1E25-4D63-AB3C-836BA5CE1543}"
EndProject
Project("{FAE04EC0-301F-11D3-BF4B-00C04F79EFBC}") = "console.cartao-credito", "..\console.cartao-credito\console.cartao-credito.csproj", "{2F31C4B6-8D59-46A6-B08D-055B5FA334C1}"
EndProject
Global
	GlobalSection(SolutionConfigurationPlatforms) = preSolution
		Debug|Any CPU = Debug|Any CPU
		Release|Any CPU = Release|Any CPU
	EndGlobalSection
	GlobalSection(ProjectConfigurationPlatforms) = postSolution
		{41810504-D3D5-F53E-4A3E-FB72C9696446}.Debug|Any CPU.ActiveCfg = Debug|Any CPU
		{41810504-D3D5-F53E-4A3E-FB72C9696446}.Debug|Any CPU.Build.0 = Debug|Any CPU
		{41810504-D3D5-F53E-4A3E-FB72C9696446}.Release|Any CPU.ActiveCfg = Release|Any CPU
		{41810504-D3D5-F53E-4A3E-FB72C9696446}.Release|Any CPU.Build.0 = Release|Any CPU
		{E33E748F-1E25-4D63-AB3C-836BA5CE1543}.Debug|Any CPU.ActiveCfg = Debug|Any CPU
		{E33E748F-1E25-4D63-AB3C-836BA5CE1543}.Debug|Any CPU.Build.0 = Debug|Any CPU
		{E33E748F-1E25-4D63-AB3C-836BA5CE1543}.Release|Any CPU.ActiveCfg = Release|Any CPU
		{E33E748F-1E25-4D63-AB3C-836BA5CE1543}.Release|Any CPU.Build.0 = Release|Any CPU
		{2F31C4B6-8D59-46A6-B08D-055B5FA334C1}.Debug|Any CPU.ActiveCfg = Debug|Any CPU
		{2F31C4B6-8D59-46A6-B08D-055B5FA334C1}.Debug|Any CPU.Build.0 = Debug|Any CPU
		{2F31C4B6-8D59-46A6-B08D-055B5FA334C1}.Release|Any CPU.ActiveCfg = Release|Any CPU
		{2F31C4B6-8D59-46A6-B08D-055B5FA334C1}.Release|Any CPU.Build.0 = Release|Any CPU
	EndGlobalSection
	GlobalSection(SolutionProperties) = preSolution
		HideSolutionNode = FALSE
	EndGlobalSection
	GlobalSection(ExtensibilityGlobals) = postSolution
		SolutionGuid = {4CECCEAD-E89E-4009-8ABD-2A3FB332C9D3}
	EndGlobalSection
EndGlobal
